
Microsoft Visual Studio Solution File, Format Version 12.00
# Visual Studio Version 16
VisualStudioVersion = 16.0.29418.71
MinimumVisualStudioVersion = 10.0.40219.1
Project("{9A19103F-16F7-4668-BE54-9A1E7A4F7556}") = "Lab5_Sol", "Lab5_Sol.csproj", "{B09E51E2-0F65-4060-ADD9-45398D5D6FBD}"
EndProject
Project("{FAE04EC0-301F-11D3-BF4B-00C04F79EFBC}") = "Lab5_WPF", "..\Lab5_WPF\Lab5_WPF.csproj", "{1DF6BB4F-A5F3-468E-8B5F-263D1F083E6F}"
EndProject
Global
	GlobalSection(SolutionConfigurationPlatforms) = preSolution
		Debug|Any CPU = Debug|Any CPU
		Release|Any CPU = Release|Any CPU
	EndGlobalSection
	GlobalSection(ProjectConfigurationPlatforms) = postSolution
		{B09E51E2-0F65-4060-ADD9-45398D5D6FBD}.Debug|Any CPU.ActiveCfg = Debug|Any CPU
		{B09E51E2-0F65-4060-ADD9-45398D5D6FBD}.Debug|Any CPU.Build.0 = Debug|Any CPU
		{B09E51E2-0F65-4060-ADD9-45398D5D6FBD}.Release|Any CPU.ActiveCfg = Release|Any CPU
		{B09E51E2-0F65-4060-ADD9-45398D5D6FBD}.Release|Any CPU.Build.0 = Release|Any CPU
		{1DF6BB4F-A5F3-468E-8B5F-263D1F083E6F}.Debug|Any CPU.ActiveCfg = Debug|Any CPU
		{1DF6BB4F-A5F3-468E-8B5F-263D1F083E6F}.Debug|Any CPU.Build.0 = Debug|Any CPU
		{1DF6BB4F-A5F3-468E-8B5F-263D1F083E6F}.Release|Any CPU.ActiveCfg = Release|Any CPU
		{1DF6BB4F-A5F3-468E-8B5F-263D1F083E6F}.Release|Any CPU.Build.0 = Release|Any CPU
	EndGlobalSection
	GlobalSection(SolutionProperties) = preSolution
		HideSolutionNode = FALSE
	EndGlobalSection
	GlobalSection(ExtensibilityGlobals) = postSolution
		SolutionGuid = {8B1E8228-5CEA-4A38-979C-DF924D4D225A}
	EndGlobalSection
EndGlobal
